// !$*UTF8*$!
{
	archiveVersion = 1;
	classes = {
	};
	objectVersion = 54;
	objects = {

/* Begin PBXBuildFile section */
		1D7F6C9F386111E97DD8AAA4 /* PersonaTalkApp.swift in Sources */ = {isa = PBXBuildFile; fileRef = 756F97D9A425C81DDBDBE2C9 /* PersonaTalkApp.swift */; };
		445071981D5992D363249782 /* Preview Assets.xcassets in Resources */ = {isa = PBXBuildFile; fileRef = 35C12167324F0005F8FCDD84 /* Preview Assets.xcassets */; };
		8D9F78199B610358E9A81DFE /* Assets.xcassets in Resources */ = {isa = PBXBuildFile; fileRef = 0FBFEB76FA7A8FC846405835 /* Assets.xcassets */; };
		D38D3CDF119734B831D9469F /* ContentView.swift in Sources */ = {isa = PBXBuildFile; fileRef = D5D2DC7C6EA3C0EB4D3C00D3 /* ContentView.swift */; };
/* End PBXBuildFile section */

/* Begin PBXFileReference section */
		0FBFEB76FA7A8FC846405835 /* Assets.xcassets */ = {isa = PBXFileReference; lastKnownFileType = folder.assetcatalog; path = Assets.xcassets; sourceTree = "<group>"; };
		35C12167324F0005F8FCDD84 /* Preview Assets.xcassets */ = {isa = PBXFileReference; lastKnownFileType = folder.assetcatalog; path = "Preview Assets.xcassets"; sourceTree = "<group>"; };
		55C5683CF48EA30F61A4D959 /* PersonaTalk.app */ = {isa = PBXFileReference; includeInIndex = 0; lastKnownFileType = wrapper.application; path = PersonaTalk.app; sourceTree = BUILT_PRODUCTS_DIR; };
		756F97D9A425C81DDBDBE2C9 /* PersonaTalkApp.swift */ = {isa = PBXFileReference; lastKnownFileType = sourcecode.swift; path = PersonaTalkApp.swift; sourceTree = "<group>"; };
		D5D2DC7C6EA3C0EB4D3C00D3 /* ContentView.swift */ = {isa = PBXFileReference; lastKnownFileType = sourcecode.swift; path = ContentView.swift; sourceTree = "<group>"; };
/* End PBXFileReference section */

/* Begin PBXGroup section */
		029E3EF2180DC7258145A4EC = {
			isa = PBXGroup;
			children = (
				A1594A91EC24A593897792DA /* PersonaTalk */,
				058442DD9B342059E3D78473 /* Products */,
			);
			sourceTree = "<group>";
		};
		058442DD9B342059E3D78473 /* Products */ = {
			isa = PBXGroup;
			children = (
				55C5683CF48EA30F61A4D959 /* PersonaTalk.app */,
			);
			name = Products;
			sourceTree = "<group>";
		};
		A1594A91EC24A593897792DA /* PersonaTalk */ = {
			isa = PBXGroup;
			children = (
				0FBFEB76FA7A8FC846405835 /* Assets.xcassets */,
				D5D2DC7C6EA3C0EB4D3C00D3 /* ContentView.swift */,
				756F97D9A425C81DDBDBE2C9 /* PersonaTalkApp.swift */,
				B0692646B469C012B7845469 /* Preview Content */,
			);
			name = PersonaTalk;
			path = ../PersonaTalk;
			sourceTree = "<group>";
		};
		B0692646B469C012B7845469 /* Preview Content */ = {
			isa = PBXGroup;
			children = (
				35C12167324F0005F8FCDD84 /* Preview Assets.xcassets */,
			);
			path = "Preview Content";
			sourceTree = "<group>";
		};
/* End PBXGroup section */

/* Begin PBXNativeTarget section */
		EA19BBE589916D005C9F5BC4 /* PersonaTalk */ = {
			isa = PBXNativeTarget;
			buildConfigurationList = 360C36560BD26F3C13D32C2C /* Build configuration list for PBXNativeTarget "PersonaTalk" */;
			buildPhases = (
				70BB01C53C003863A91275AE /* SwiftLint */,
				9CD70FD4E1D8BAE6E742C9FE /* Sources */,
				CA629F01288D05B565E9AF27 /* Resources */,
			);
			buildRules = (
			);
			dependencies = (
			);
			name = PersonaTalk;
			packageProductDependencies = (
			);
			productName = PersonaTalk;
			productReference = 55C5683CF48EA30F61A4D959 /* PersonaTalk.app */;
			productType = "com.apple.product-type.application";
		};
/* End PBXNativeTarget section */

/* Begin PBXProject section */
		3E4A22A9213816460CB58EC9 /* Project object */ = {
			isa = PBXProject;
			attributes = {
				BuildIndependentTargetsInParallel = YES;
				LastUpgradeCheck = 1600;
				TargetAttributes = {
				};
			};
			buildConfigurationList = 4555F960626AA7C48556F5CB /* Build configuration list for PBXProject "PersonaTalk" */;
			compatibilityVersion = "Xcode 14.0";
			developmentRegion = en;
			hasScannedForEncodings = 0;
			knownRegions = (
				Base,
				en,
			);
			mainGroup = 029E3EF2180DC7258145A4EC;
			minimizedProjectReferenceProxies = 1;
			preferredProjectObjectVersion = 54;
			projectDirPath = "";
			projectRoot = "";
			targets = (
				EA19BBE589916D005C9F5BC4 /* PersonaTalk */,
			);
		};
/* End PBXProject section */

/* Begin PBXResourcesBuildPhase section */
		CA629F01288D05B565E9AF27 /* Resources */ = {
			isa = PBXResourcesBuildPhase;
			buildActionMask = 2147483647;
			files = (
				8D9F78199B610358E9A81DFE /* Assets.xcassets in Resources */,
				445071981D5992D363249782 /* Preview Assets.xcassets in Resources */,
			);
			runOnlyForDeploymentPostprocessing = 0;
		};
/* End PBXResourcesBuildPhase section */

/* Begin PBXShellScriptBuildPhase section */
		70BB01C53C003863A91275AE /* SwiftLint */ = {
			isa = PBXShellScriptBuildPhase;
			buildActionMask = 2147483647;
			files = (
			);
			inputFileListPaths = (
			);
			inputPaths = (
			);
			name = SwiftLint;
			outputFileListPaths = (
			);
			outputPaths = (
			);
			runOnlyForDeploymentPostprocessing = 0;
			shellPath = /bin/sh;
			shellScript = .scripts/swiftlint.sh;
		};
/* End PBXShellScriptBuildPhase section */

/* Begin PBXSourcesBuildPhase section */
		9CD70FD4E1D8BAE6E742C9FE /* Sources */ = {
			isa = PBXSourcesBuildPhase;
			buildActionMask = 2147483647;
			files = (
				D38D3CDF119734B831D9469F /* ContentView.swift in Sources */,
				1D7F6C9F386111E97DD8AAA4 /* PersonaTalkApp.swift in Sources */,
			);
			runOnlyForDeploymentPostprocessing = 0;
		};
/* End PBXSourcesBuildPhase section */

/* Begin XCBuildConfiguration section */
		438FA1BBD6932AA7700DB4F3 /* Debug */ = {
			isa = XCBuildConfiguration;
			buildSettings = {
				CURRENT_PROJECT_VERSION = 1;
				ENABLE_PREVIEWS = YES;
				ENABLE_USER_SCRIPT_SANDBOXING = NO;
				GENERATE_INFOPLIST_FILE = YES;
				INFOPLIST_KEY_CFBundleDisplayName = "${PRODUCT_NAME}";
				INFOPLIST_KEY_UILaunchStoryboardName = LaunchScreen.storyboard;
				INFOPLIST_KEY_UISupportedInterfaceOrientations = (
					UIInterfaceOrientationPortrait,
					UIInterfaceOrientationLandscapeLeft,
					UIInterfaceOrientationLandscapeRight,
				);
				INFOPLIST_KEY_UISupportedInterfaceOrientations_iPad = (
					UIInterfaceOrientationPortrait,
					UIInterfaceOrientationPortraitUpsideDown,
					UIInterfaceOrientationLandscapeLeft,
					UIInterfaceOrientationLandscapeRight,
				);
				MARKETING_VERSION = 1.0.0;
				PRODUCT_BUNDLE_IDENTIFIER = "com.ethan.${PRODUCT_NAME}";
				PRODUCT_NAME = $TARGET_NAME;
			};
			name = Debug;
		};
		48640199832853AC833EDCC9 /* Release */ = {
			isa = XCBuildConfiguration;
			buildSettings = {
				CURRENT_PROJECT_VERSION = 1;
				ENABLE_PREVIEWS = YES;
				ENABLE_USER_SCRIPT_SANDBOXING = NO;
				GENERATE_INFOPLIST_FILE = YES;
				INFOPLIST_KEY_CFBundleDisplayName = "${PRODUCT_NAME}";
				INFOPLIST_KEY_UILaunchStoryboardName = LaunchScreen.storyboard;
				INFOPLIST_KEY_UISupportedInterfaceOrientations = (
					UIInterfaceOrientationPortrait,
					UIInterfaceOrientationLandscapeLeft,
					UIInterfaceOrientationLandscapeRight,
				);
				INFOPLIST_KEY_UISupportedInterfaceOrientations_iPad = (
					UIInterfaceOrientationPortrait,
					UIInterfaceOrientationPortraitUpsideDown,
					UIInterfaceOrientationLandscapeLeft,
					UIInterfaceOrientationLandscapeRight,
				);
				MARKETING_VERSION = 1.0.0;
				PRODUCT_BUNDLE_IDENTIFIER = "com.ethan.${PRODUCT_NAME}";
				PRODUCT_NAME = $TARGET_NAME;
			};
			name = Release;
		};
		CC41B29C6E182965B6358D8B /* Debug */ = {
			isa = XCBuildConfiguration;
			buildSettings = {
				IPHONEOS_DEPLOYMENT_TARGET = 17.0;
				SDKROOT = iphoneos;
				SWIFT_VERSION = 6.0;
			};
			name = Debug;
		};
		FA0E0D05182469862BA32D59 /* Release */ = {
			isa = XCBuildConfiguration;
			buildSettings = {
				IPHONEOS_DEPLOYMENT_TARGET = 17.0;
				SDKROOT = iphoneos;
				SWIFT_VERSION = 6.0;
			};
			name = Release;
		};
/* End XCBuildConfiguration section */

/* Begin XCConfigurationList section */
		360C36560BD26F3C13D32C2C /* Build configuration list for PBXNativeTarget "PersonaTalk" */ = {
			isa = XCConfigurationList;
			buildConfigurations = (
				438FA1BBD6932AA7700DB4F3 /* Debug */,
				48640199832853AC833EDCC9 /* Release */,
			);
			defaultConfigurationIsVisible = 0;
			defaultConfigurationName = Debug;
		};
		4555F960626AA7C48556F5CB /* Build configuration list for PBXProject "PersonaTalk" */ = {
			isa = XCConfigurationList;
			buildConfigurations = (
				CC41B29C6E182965B6358D8B /* Debug */,
				FA0E0D05182469862BA32D59 /* Release */,
			);
			defaultConfigurationIsVisible = 0;
			defaultConfigurationName = Debug;
		};
/* End XCConfigurationList section */
	};
	rootObject = 3E4A22A9213816460CB58EC9 /* Project object */;
}
